// !$*UTF8*$!
{
	archiveVersion = 1;
	classes = {
	};
	objectVersion = 46;
	objects = {

/* Begin PBXBuildFile section */
		4A6669121AE1422D0004AC3C /* AppDelegate.swift in Sources */ = {isa = PBXBuildFile; fileRef = 4A6669111AE1422D0004AC3C /* AppDelegate.swift */; };
		4A6669171AE1422D0004AC3C /* Main.storyboard in Resources */ = {isa = PBXBuildFile; fileRef = 4A6669151AE1422D0004AC3C /* Main.storyboard */; };
		4A6669191AE1422D0004AC3C /* Images.xcassets in Resources */ = {isa = PBXBuildFile; fileRef = 4A6669181AE1422D0004AC3C /* Images.xcassets */; };
		4A66691C1AE1422D0004AC3C /* LaunchScreen.xib in Resources */ = {isa = PBXBuildFile; fileRef = 4A66691A1AE1422D0004AC3C /* LaunchScreen.xib */; };
		4A6669281AE1422D0004AC3C /* RodrigoAndradeTests.swift in Sources */ = {isa = PBXBuildFile; fileRef = 4A6669271AE1422D0004AC3C /* RodrigoAndradeTests.swift */; };
		4A6669391AE1432F0004AC3C /* ProfileViewController.swift in Sources */ = {isa = PBXBuildFile; fileRef = 4A6669381AE1432F0004AC3C /* ProfileViewController.swift */; };
		8109716C1AE4549800805696 /* SkillViewController.swift in Sources */ = {isa = PBXBuildFile; fileRef = 8109716B1AE4549800805696 /* SkillViewController.swift */; };
		810971731AE47AF700805696 /* DetailCollectionViewCell.swift in Sources */ = {isa = PBXBuildFile; fileRef = 810971721AE47AF700805696 /* DetailCollectionViewCell.swift */; };
		810D16601AE6032400FC75D7 /* MapCollectionViewCell.swift in Sources */ = {isa = PBXBuildFile; fileRef = 810D165F1AE6032400FC75D7 /* MapCollectionViewCell.swift */; };
		81BB1C4D1AE2E8F000502B63 /* Util.swift in Sources */ = {isa = PBXBuildFile; fileRef = 81BB1C4C1AE2E8F000502B63 /* Util.swift */; };
		81BB1C521AE2F9A200502B63 /* Profile.swift in Sources */ = {isa = PBXBuildFile; fileRef = 81BB1C511AE2F9A200502B63 /* Profile.swift */; };
		81BB1C541AE2F9B800502B63 /* RAManager.swift in Sources */ = {isa = PBXBuildFile; fileRef = 81BB1C531AE2F9B800502B63 /* RAManager.swift */; };
		81BB1C561AE2FF3400502B63 /* Profile.plist in Resources */ = {isa = PBXBuildFile; fileRef = 81BB1C551AE2FF3400502B63 /* Profile.plist */; };
		81BB1C5A1AE32D2800502B63 /* Location.swift in Sources */ = {isa = PBXBuildFile; fileRef = 81BB1C591AE32D2800502B63 /* Location.swift */; };
		81BB1C5C1AE3350F00502B63 /* Skills.swift in Sources */ = {isa = PBXBuildFile; fileRef = 81BB1C5B1AE3350F00502B63 /* Skills.swift */; };
		81BB1C5E1AE3523100502B63 /* Skill.swift in Sources */ = {isa = PBXBuildFile; fileRef = 81BB1C5D1AE3523100502B63 /* Skill.swift */; };
		81BB1C601AE3524C00502B63 /* Categories.swift in Sources */ = {isa = PBXBuildFile; fileRef = 81BB1C5F1AE3524C00502B63 /* Categories.swift */; };
		81D043CE1AE3F40800FEEAA3 /* SkillCollectionViewCell.swift in Sources */ = {isa = PBXBuildFile; fileRef = 81D043CD1AE3F40800FEEAA3 /* SkillCollectionViewCell.swift */; };
/* End PBXBuildFile section */

/* Begin PBXContainerItemProxy section */
		4A6669221AE1422D0004AC3C /* PBXContainerItemProxy */ = {
			isa = PBXContainerItemProxy;
			containerPortal = 4A6669041AE1422D0004AC3C /* Project object */;
			proxyType = 1;
			remoteGlobalIDString = 4A66690B1AE1422D0004AC3C;
			remoteInfo = RodrigoAndrade;
		};
/* End PBXContainerItemProxy section */

/* Begin PBXFileReference section */
		4A66690C1AE1422D0004AC3C /* RodrigoAndrade.app */ = {isa = PBXFileReference; explicitFileType = wrapper.application; includeInIndex = 0; path = RodrigoAndrade.app; sourceTree = BUILT_PRODUCTS_DIR; };
		4A6669101AE1422D0004AC3C /* Info.plist */ = {isa = PBXFileReference; lastKnownFileType = text.plist.xml; path = Info.plist; sourceTree = "<group>"; };
		4A6669111AE1422D0004AC3C /* AppDelegate.swift */ = {isa = PBXFileReference; lastKnownFileType = sourcecode.swift; path = AppDelegate.swift; sourceTree = "<group>"; };
		4A6669161AE1422D0004AC3C /* Base */ = {isa = PBXFileReference; lastKnownFileType = file.storyboard; name = Base; path = Base.lproj/Main.storyboard; sourceTree = "<group>"; };
		4A6669181AE1422D0004AC3C /* Images.xcassets */ = {isa = PBXFileReference; lastKnownFileType = folder.assetcatalog; path = Images.xcassets; sourceTree = "<group>"; };
		4A66691B1AE1422D0004AC3C /* Base */ = {isa = PBXFileReference; lastKnownFileType = file.xib; name = Base; path = Base.lproj/LaunchScreen.xib; sourceTree = "<group>"; };
		4A6669211AE1422D0004AC3C /* RodrigoAndradeTests.xctest */ = {isa = PBXFileReference; explicitFileType = wrapper.cfbundle; includeInIndex = 0; path = RodrigoAndradeTests.xctest; sourceTree = BUILT_PRODUCTS_DIR; };
		4A6669261AE1422D0004AC3C /* Info.plist */ = {isa = PBXFileReference; lastKnownFileType = text.plist.xml; path = Info.plist; sourceTree = "<group>"; };
		4A6669271AE1422D0004AC3C /* RodrigoAndradeTests.swift */ = {isa = PBXFileReference; lastKnownFileType = sourcecode.swift; path = RodrigoAndradeTests.swift; sourceTree = "<group>"; };
		4A6669381AE1432F0004AC3C /* ProfileViewController.swift */ = {isa = PBXFileReference; fileEncoding = 4; lastKnownFileType = sourcecode.swift; path = ProfileViewController.swift; sourceTree = "<group>"; };
		8109716B1AE4549800805696 /* SkillViewController.swift */ = {isa = PBXFileReference; fileEncoding = 4; lastKnownFileType = sourcecode.swift; name = SkillViewController.swift; path = Controller/SkillViewController.swift; sourceTree = "<group>"; };
		810971721AE47AF700805696 /* DetailCollectionViewCell.swift */ = {isa = PBXFileReference; fileEncoding = 4; lastKnownFileType = sourcecode.swift; name = DetailCollectionViewCell.swift; path = Controller/DetailCollectionViewCell.swift; sourceTree = "<group>"; };
		810D165F1AE6032400FC75D7 /* MapCollectionViewCell.swift */ = {isa = PBXFileReference; fileEncoding = 4; lastKnownFileType = sourcecode.swift; name = MapCollectionViewCell.swift; path = Controller/MapCollectionViewCell.swift; sourceTree = "<group>"; };
		81BB1C4C1AE2E8F000502B63 /* Util.swift */ = {isa = PBXFileReference; fileEncoding = 4; lastKnownFileType = sourcecode.swift; path = Util.swift; sourceTree = "<group>"; };
		81BB1C511AE2F9A200502B63 /* Profile.swift */ = {isa = PBXFileReference; fileEncoding = 4; lastKnownFileType = sourcecode.swift; name = Profile.swift; path = Model/Profile.swift; sourceTree = "<group>"; };
		81BB1C531AE2F9B800502B63 /* RAManager.swift */ = {isa = PBXFileReference; fileEncoding = 4; lastKnownFileType = sourcecode.swift; name = RAManager.swift; path = Model/RAManager.swift; sourceTree = "<group>"; };
		81BB1C551AE2FF3400502B63 /* Profile.plist */ = {isa = PBXFileReference; fileEncoding = 4; lastKnownFileType = text.plist.xml; path = Profile.plist; sourceTree = "<group>"; };
		81BB1C591AE32D2800502B63 /* Location.swift */ = {isa = PBXFileReference; fileEncoding = 4; lastKnownFileType = sourcecode.swift; name = Location.swift; path = Model/Location.swift; sourceTree = "<group>"; };
		81BB1C5B1AE3350F00502B63 /* Skills.swift */ = {isa = PBXFileReference; fileEncoding = 4; lastKnownFileType = sourcecode.swift; name = Skills.swift; path = Model/Skills.swift; sourceTree = "<group>"; };
		81BB1C5D1AE3523100502B63 /* Skill.swift */ = {isa = PBXFileReference; fileEncoding = 4; lastKnownFileType = sourcecode.swift; name = Skill.swift; path = Model/Skill.swift; sourceTree = "<group>"; };
		81BB1C5F1AE3524C00502B63 /* Categories.swift */ = {isa = PBXFileReference; fileEncoding = 4; lastKnownFileType = sourcecode.swift; name = Categories.swift; path = Model/Categories.swift; sourceTree = "<group>"; };
		81D043CD1AE3F40800FEEAA3 /* SkillCollectionViewCell.swift */ = {isa = PBXFileReference; fileEncoding = 4; lastKnownFileType = sourcecode.swift; name = SkillCollectionViewCell.swift; path = Controller/SkillCollectionViewCell.swift; sourceTree = "<group>"; };
/* End PBXFileReference section */

/* Begin PBXFrameworksBuildPhase section */
		4A6669091AE1422D0004AC3C /* Frameworks */ = {
			isa = PBXFrameworksBuildPhase;
			buildActionMask = 2147483647;
			files = (
			);
			runOnlyForDeploymentPostprocessing = 0;
		};
		4A66691E1AE1422D0004AC3C /* Frameworks */ = {
			isa = PBXFrameworksBuildPhase;
			buildActionMask = 2147483647;
			files = (
			);
			runOnlyForDeploymentPostprocessing = 0;
		};
/* End PBXFrameworksBuildPhase section */

/* Begin PBXGroup section */
		4A6669031AE1422D0004AC3C = {
			isa = PBXGroup;
			children = (
				4A66690E1AE1422D0004AC3C /* RodrigoAndrade */,
				4A6669241AE1422D0004AC3C /* RodrigoAndradeTests */,
				4A66690D1AE1422D0004AC3C /* Products */,
			);
			sourceTree = "<group>";
		};
		4A66690D1AE1422D0004AC3C /* Products */ = {
			isa = PBXGroup;
			children = (
				4A66690C1AE1422D0004AC3C /* RodrigoAndrade.app */,
				4A6669211AE1422D0004AC3C /* RodrigoAndradeTests.xctest */,
			);
			name = Products;
			sourceTree = "<group>";
		};
		4A66690E1AE1422D0004AC3C /* RodrigoAndrade */ = {
			isa = PBXGroup;
			children = (
				81BB1C4C1AE2E8F000502B63 /* Util.swift */,
				4A6669111AE1422D0004AC3C /* AppDelegate.swift */,
				4A6669181AE1422D0004AC3C /* Images.xcassets */,
				4A6669331AE1426B0004AC3C /* Model */,
				4A6669321AE142600004AC3C /* View */,
				4A6669311AE142590004AC3C /* Controller */,
				4A66690F1AE1422D0004AC3C /* Supporting Files */,
			);
			path = RodrigoAndrade;
			sourceTree = "<group>";
		};
		4A66690F1AE1422D0004AC3C /* Supporting Files */ = {
			isa = PBXGroup;
			children = (
				4A6669101AE1422D0004AC3C /* Info.plist */,
				81BB1C551AE2FF3400502B63 /* Profile.plist */,
			);
			name = "Supporting Files";
			sourceTree = "<group>";
		};
		4A6669241AE1422D0004AC3C /* RodrigoAndradeTests */ = {
			isa = PBXGroup;
			children = (
				4A6669271AE1422D0004AC3C /* RodrigoAndradeTests.swift */,
				4A6669251AE1422D0004AC3C /* Supporting Files */,
			);
			path = RodrigoAndradeTests;
			sourceTree = "<group>";
		};
		4A6669251AE1422D0004AC3C /* Supporting Files */ = {
			isa = PBXGroup;
			children = (
				4A6669261AE1422D0004AC3C /* Info.plist */,
			);
			name = "Supporting Files";
			sourceTree = "<group>";
		};
		4A6669311AE142590004AC3C /* Controller */ = {
			isa = PBXGroup;
			children = (
				4A6669381AE1432F0004AC3C /* ProfileViewController.swift */,
				81D043CD1AE3F40800FEEAA3 /* SkillCollectionViewCell.swift */,
				8109716B1AE4549800805696 /* SkillViewController.swift */,
				810971721AE47AF700805696 /* DetailCollectionViewCell.swift */,
				810D165F1AE6032400FC75D7 /* MapCollectionViewCell.swift */,
			);
			name = Controller;
			sourceTree = "<group>";
		};
		4A6669321AE142600004AC3C /* View */ = {
			isa = PBXGroup;
			children = (
				4A66691A1AE1422D0004AC3C /* LaunchScreen.xib */,
				4A6669151AE1422D0004AC3C /* Main.storyboard */,
			);
			name = View;
			sourceTree = "<group>";
		};
		4A6669331AE1426B0004AC3C /* Model */ = {
			isa = PBXGroup;
			children = (
				81BB1C511AE2F9A200502B63 /* Profile.swift */,
				81BB1C591AE32D2800502B63 /* Location.swift */,
				81BB1C5D1AE3523100502B63 /* Skill.swift */,
				81BB1C5F1AE3524C00502B63 /* Categories.swift */,
				81BB1C5B1AE3350F00502B63 /* Skills.swift */,
				81BB1C531AE2F9B800502B63 /* RAManager.swift */,
			);
			name = Model;
			sourceTree = "<group>";
		};
/* End PBXGroup section */

/* Begin PBXNativeTarget section */
		4A66690B1AE1422D0004AC3C /* RodrigoAndrade */ = {
			isa = PBXNativeTarget;
			buildConfigurationList = 4A66692B1AE1422D0004AC3C /* Build configuration list for PBXNativeTarget "RodrigoAndrade" */;
			buildPhases = (
				4A6669081AE1422D0004AC3C /* Sources */,
				4A6669091AE1422D0004AC3C /* Frameworks */,
				4A66690A1AE1422D0004AC3C /* Resources */,
			);
			buildRules = (
			);
			dependencies = (
			);
			name = RodrigoAndrade;
			productName = RodrigoAndrade;
			productReference = 4A66690C1AE1422D0004AC3C /* RodrigoAndrade.app */;
			productType = "com.apple.product-type.application";
		};
		4A6669201AE1422D0004AC3C /* RodrigoAndradeTests */ = {
			isa = PBXNativeTarget;
			buildConfigurationList = 4A66692E1AE1422D0004AC3C /* Build configuration list for PBXNativeTarget "RodrigoAndradeTests" */;
			buildPhases = (
				4A66691D1AE1422D0004AC3C /* Sources */,
				4A66691E1AE1422D0004AC3C /* Frameworks */,
				4A66691F1AE1422D0004AC3C /* Resources */,
			);
			buildRules = (
			);
			dependencies = (
				4A6669231AE1422D0004AC3C /* PBXTargetDependency */,
			);
			name = RodrigoAndradeTests;
			productName = RodrigoAndradeTests;
			productReference = 4A6669211AE1422D0004AC3C /* RodrigoAndradeTests.xctest */;
			productType = "com.apple.product-type.bundle.unit-test";
		};
/* End PBXNativeTarget section */

/* Begin PBXProject section */
		4A6669041AE1422D0004AC3C /* Project object */ = {
			isa = PBXProject;
			attributes = {
				LastUpgradeCheck = 0630;
				ORGANIZATIONNAME = "Grupo RBS";
				TargetAttributes = {
					4A66690B1AE1422D0004AC3C = {
						CreatedOnToolsVersion = 6.3;
					};
					4A6669201AE1422D0004AC3C = {
						CreatedOnToolsVersion = 6.3;
						TestTargetID = 4A66690B1AE1422D0004AC3C;
					};
				};
			};
			buildConfigurationList = 4A6669071AE1422D0004AC3C /* Build configuration list for PBXProject "RodrigoAndrade" */;
			compatibilityVersion = "Xcode 3.2";
			developmentRegion = English;
			hasScannedForEncodings = 0;
			knownRegions = (
				en,
				Base,
			);
			mainGroup = 4A6669031AE1422D0004AC3C;
			productRefGroup = 4A66690D1AE1422D0004AC3C /* Products */;
			projectDirPath = "";
			projectRoot = "";
			targets = (
				4A66690B1AE1422D0004AC3C /* RodrigoAndrade */,
				4A6669201AE1422D0004AC3C /* RodrigoAndradeTests */,
			);
		};
/* End PBXProject section */

/* Begin PBXResourcesBuildPhase section */
		4A66690A1AE1422D0004AC3C /* Resources */ = {
			isa = PBXResourcesBuildPhase;
			buildActionMask = 2147483647;
			files = (
				81BB1C561AE2FF3400502B63 /* Profile.plist in Resources */,
				4A6669171AE1422D0004AC3C /* Main.storyboard in Resources */,
				4A66691C1AE1422D0004AC3C /* LaunchScreen.xib in Resources */,
				4A6669191AE1422D0004AC3C /* Images.xcassets in Resources */,
			);
			runOnlyForDeploymentPostprocessing = 0;
		};
		4A66691F1AE1422D0004AC3C /* Resources */ = {
			isa = PBXResourcesBuildPhase;
			buildActionMask = 2147483647;
			files = (
			);
			runOnlyForDeploymentPostprocessing = 0;
		};
/* End PBXResourcesBuildPhase section */

/* Begin PBXSourcesBuildPhase section */
		4A6669081AE1422D0004AC3C /* Sources */ = {
			isa = PBXSourcesBuildPhase;
			buildActionMask = 2147483647;
			files = (
				4A6669391AE1432F0004AC3C /* ProfileViewController.swift in Sources */,
				8109716C1AE4549800805696 /* SkillViewController.swift in Sources */,
				81BB1C541AE2F9B800502B63 /* RAManager.swift in Sources */,
				81BB1C521AE2F9A200502B63 /* Profile.swift in Sources */,
				81BB1C4D1AE2E8F000502B63 /* Util.swift in Sources */,
				81D043CE1AE3F40800FEEAA3 /* SkillCollectionViewCell.swift in Sources */,
				81BB1C5C1AE3350F00502B63 /* Skills.swift in Sources */,
				810D16601AE6032400FC75D7 /* MapCollectionViewCell.swift in Sources */,
				81BB1C601AE3524C00502B63 /* Categories.swift in Sources */,
				81BB1C5E1AE3523100502B63 /* Skill.swift in Sources */,
				81BB1C5A1AE32D2800502B63 /* Location.swift in Sources */,
				4A6669121AE1422D0004AC3C /* AppDelegate.swift in Sources */,
				810971731AE47AF700805696 /* DetailCollectionViewCell.swift in Sources */,
			);
			runOnlyForDeploymentPostprocessing = 0;
		};
		4A66691D1AE1422D0004AC3C /* Sources */ = {
			isa = PBXSourcesBuildPhase;
			buildActionMask = 2147483647;
			files = (
				4A6669281AE1422D0004AC3C /* RodrigoAndradeTests.swift in Sources */,
			);
			runOnlyForDeploymentPostprocessing = 0;
		};
/* End PBXSourcesBuildPhase section */

/* Begin PBXTargetDependency section */
		4A6669231AE1422D0004AC3C /* PBXTargetDependency */ = {
			isa = PBXTargetDependency;
			target = 4A66690B1AE1422D0004AC3C /* RodrigoAndrade */;
			targetProxy = 4A6669221AE1422D0004AC3C /* PBXContainerItemProxy */;
		};
/* End PBXTargetDependency section */

/* Begin PBXVariantGroup section */
		4A6669151AE1422D0004AC3C /* Main.storyboard */ = {
			isa = PBXVariantGroup;
			children = (
				4A6669161AE1422D0004AC3C /* Base */,
			);
			name = Main.storyboard;
			sourceTree = "<group>";
		};
		4A66691A1AE1422D0004AC3C /* LaunchScreen.xib */ = {
			isa = PBXVariantGroup;
			children = (
				4A66691B1AE1422D0004AC3C /* Base */,
			);
			name = LaunchScreen.xib;
			sourceTree = "<group>";
		};
/* End PBXVariantGroup section */

/* Begin XCBuildConfiguration section */
		4A6669291AE1422D0004AC3C /* Debug */ = {
			isa = XCBuildConfiguration;
			buildSettings = {
				ALWAYS_SEARCH_USER_PATHS = NO;
				CLANG_CXX_LANGUAGE_STANDARD = "gnu++0x";
				CLANG_CXX_LIBRARY = "libc++";
				CLANG_ENABLE_MODULES = YES;
				CLANG_ENABLE_OBJC_ARC = YES;
				CLANG_WARN_BOOL_CONVERSION = YES;
				CLANG_WARN_CONSTANT_CONVERSION = YES;
				CLANG_WARN_DIRECT_OBJC_ISA_USAGE = YES_ERROR;
				CLANG_WARN_EMPTY_BODY = YES;
				CLANG_WARN_ENUM_CONVERSION = YES;
				CLANG_WARN_INT_CONVERSION = YES;
				CLANG_WARN_OBJC_ROOT_CLASS = YES_ERROR;
				CLANG_WARN_UNREACHABLE_CODE = YES;
				CLANG_WARN__DUPLICATE_METHOD_MATCH = YES;
				"CODE_SIGN_IDENTITY[sdk=iphoneos*]" = "iPhone Developer";
				COPY_PHASE_STRIP = NO;
				DEBUG_INFORMATION_FORMAT = "dwarf-with-dsym";
				ENABLE_STRICT_OBJC_MSGSEND = YES;
				GCC_C_LANGUAGE_STANDARD = gnu99;
				GCC_DYNAMIC_NO_PIC = NO;
				GCC_NO_COMMON_BLOCKS = YES;
				GCC_OPTIMIZATION_LEVEL = 0;
				GCC_PREPROCESSOR_DEFINITIONS = (
					"DEBUG=1",
					"$(inherited)",
				);
				GCC_SYMBOLS_PRIVATE_EXTERN = NO;
				GCC_WARN_64_TO_32_BIT_CONVERSION = YES;
				GCC_WARN_ABOUT_RETURN_TYPE = YES_ERROR;
				GCC_WARN_UNDECLARED_SELECTOR = YES;
				GCC_WARN_UNINITIALIZED_AUTOS = YES_AGGRESSIVE;
				GCC_WARN_UNUSED_FUNCTION = YES;
				GCC_WARN_UNUSED_VARIABLE = YES;
				IPHONEOS_DEPLOYMENT_TARGET = 8.3;
				MTL_ENABLE_DEBUG_INFO = YES;
				ONLY_ACTIVE_ARCH = YES;
				SDKROOT = iphoneos;
				SWIFT_OPTIMIZATION_LEVEL = "-Onone";
			};
			name = Debug;
		};
		4A66692A1AE1422D0004AC3C /* Release */ = {
			isa = XCBuildConfiguration;
			buildSettings = {
				ALWAYS_SEARCH_USER_PATHS = NO;
				CLANG_CXX_LANGUAGE_STANDARD = "gnu++0x";
				CLANG_CXX_LIBRARY = "libc++";
				CLANG_ENABLE_MODULES = YES;
				CLANG_ENABLE_OBJC_ARC = YES;
				CLANG_WARN_BOOL_CONVERSION = YES;
				CLANG_WARN_CONSTANT_CONVERSION = YES;
				CLANG_WARN_DIRECT_OBJC_ISA_USAGE = YES_ERROR;
				CLANG_WARN_EMPTY_BODY = YES;
				CLANG_WARN_ENUM_CONVERSION = YES;
				CLANG_WARN_INT_CONVERSION = YES;
				CLANG_WARN_OBJC_ROOT_CLASS = YES_ERROR;
				CLANG_WARN_UNREACHABLE_CODE = YES;
				CLANG_WARN__DUPLICATE_METHOD_MATCH = YES;
				"CODE_SIGN_IDENTITY[sdk=iphoneos*]" = "iPhone Developer";
				COPY_PHASE_STRIP = NO;
				DEBUG_INFORMATION_FORMAT = "dwarf-with-dsym";
				ENABLE_NS_ASSERTIONS = NO;
				ENABLE_STRICT_OBJC_MSGSEND = YES;
				GCC_C_LANGUAGE_STANDARD = gnu99;
				GCC_NO_COMMON_BLOCKS = YES;
				GCC_WARN_64_TO_32_BIT_CONVERSION = YES;
				GCC_WARN_ABOUT_RETURN_TYPE = YES_ERROR;
				GCC_WARN_UNDECLARED_SELECTOR = YES;
				GCC_WARN_UNINITIALIZED_AUTOS = YES_AGGRESSIVE;
				GCC_WARN_UNUSED_FUNCTION = YES;
				GCC_WARN_UNUSED_VARIABLE = YES;
				IPHONEOS_DEPLOYMENT_TARGET = 8.3;
				MTL_ENABLE_DEBUG_INFO = NO;
				SDKROOT = iphoneos;
				VALIDATE_PRODUCT = YES;
			};
			name = Release;
		};
		4A66692C1AE1422D0004AC3C /* Debug */ = {
			isa = XCBuildConfiguration;
			buildSettings = {
				ASSETCATALOG_COMPILER_APPICON_NAME = AppIcon;
				INFOPLIST_FILE = RodrigoAndrade/Info.plist;
				LD_RUNPATH_SEARCH_PATHS = "$(inherited) @executable_path/Frameworks";
				PRODUCT_NAME = "$(TARGET_NAME)";
			};
			name = Debug;
		};
		4A66692D1AE1422D0004AC3C /* Release */ = {
			isa = XCBuildConfiguration;
			buildSettings = {
				ASSETCATALOG_COMPILER_APPICON_NAME = AppIcon;
				INFOPLIST_FILE = RodrigoAndrade/Info.plist;
				LD_RUNPATH_SEARCH_PATHS = "$(inherited) @executable_path/Frameworks";
				PRODUCT_NAME = "$(TARGET_NAME)";
			};
			name = Release;
		};
		4A66692F1AE1422D0004AC3C /* Debug */ = {
			isa = XCBuildConfiguration;
			buildSettings = {
				BUNDLE_LOADER = "$(TEST_HOST)";
				FRAMEWORK_SEARCH_PATHS = (
					"$(SDKROOT)/Developer/Library/Frameworks",
					"$(inherited)",
				);
				GCC_PREPROCESSOR_DEFINITIONS = (
					"DEBUG=1",
					"$(inherited)",
				);
				INFOPLIST_FILE = RodrigoAndradeTests/Info.plist;
				LD_RUNPATH_SEARCH_PATHS = "$(inherited) @executable_path/Frameworks @loader_path/Frameworks";
				PRODUCT_NAME = "$(TARGET_NAME)";
				TEST_HOST = "$(BUILT_PRODUCTS_DIR)/RodrigoAndrade.app/RodrigoAndrade";
			};
			name = Debug;
		};
		4A6669301AE1422D0004AC3C /* Release */ = {
			isa = XCBuildConfiguration;
			buildSettings = {
				BUNDLE_LOADER = "$(TEST_HOST)";
				FRAMEWORK_SEARCH_PATHS = (
					"$(SDKROOT)/Developer/Library/Frameworks",
					"$(inherited)",
				);
				INFOPLIST_FILE = RodrigoAndradeTests/Info.plist;
				LD_RUNPATH_SEARCH_PATHS = "$(inherited) @executable_path/Frameworks @loader_path/Frameworks";
				PRODUCT_NAME = "$(TARGET_NAME)";
				TEST_HOST = "$(BUILT_PRODUCTS_DIR)/RodrigoAndrade.app/RodrigoAndrade";
			};
			name = Release;
		};
/* End XCBuildConfiguration section */

/* Begin XCConfigurationList section */
		4A6669071AE1422D0004AC3C /* Build configuration list for PBXProject "RodrigoAndrade" */ = {
			isa = XCConfigurationList;
			buildConfigurations = (
				4A6669291AE1422D0004AC3C /* Debug */,
				4A66692A1AE1422D0004AC3C /* Release */,
			);
			defaultConfigurationIsVisible = 0;
			defaultConfigurationName = Release;
		};
		4A66692B1AE1422D0004AC3C /* Build configuration list for PBXNativeTarget "RodrigoAndrade" */ = {
			isa = XCConfigurationList;
			buildConfigurations = (
				4A66692C1AE1422D0004AC3C /* Debug */,
				4A66692D1AE1422D0004AC3C /* Release */,
			);
			defaultConfigurationIsVisible = 0;
			defaultConfigurationName = Release;
		};
		4A66692E1AE1422D0004AC3C /* Build configuration list for PBXNativeTarget "RodrigoAndradeTests" */ = {
			isa = XCConfigurationList;
			buildConfigurations = (
				4A66692F1AE1422D0004AC3C /* Debug */,
				4A6669301AE1422D0004AC3C /* Release */,
			);
			defaultConfigurationIsVisible = 0;
			defaultConfigurationName = Release;
		};
/* End XCConfigurationList section */
	};
	rootObject = 4A6669041AE1422D0004AC3C /* Project object */;
}
